
Microsoft Visual Studio Solution File, Format Version 12.00
# Visual Studio Version 16
VisualStudioVersion = 16.0.29519.181
MinimumVisualStudioVersion = 10.0.40219.1
Project("{2150E333-8FDC-42A3-9474-1A3956D46DE8}") = "Core", "Core", "{CC4B2BC1-883A-48E7-AD6A-37CE1B635E72}"
EndProject
Project("{2150E333-8FDC-42A3-9474-1A3956D46DE8}") = "src", "src", "{E7D2E292-AE8F-4972-87BE-00A73A9E46F9}"
EndProject
Project("{2150E333-8FDC-42A3-9474-1A3956D46DE8}") = "Tests", "Tests", "{AADC5FF1-028E-4087-A98F-71B3B4413287}"
EndProject
Project("{9A19103F-16F7-4668-BE54-9A1E7A4F7556}") = "AgilePM.Core", "src\Core\src\AgilePM.Core.csproj", "{F5CBC686-FB68-4EF9-90A5-D66CFA264564}"
EndProject
Project("{9A19103F-16F7-4668-BE54-9A1E7A4F7556}") = "AgilePM.Core.UnitTests", "src\Core\Tests\AgilePM.Core.UnitTests.csproj", "{04D0B743-45F1-4EEB-9369-8AE8A7478C36}"
EndProject
Project("{2150E333-8FDC-42A3-9474-1A3956D46DE8}") = "Identity", "Identity", "{E781D745-1F54-4C54-883F-5678C7032653}"
EndProject
Project("{2150E333-8FDC-42A3-9474-1A3956D46DE8}") = "AcceptanceTests", "AcceptanceTests", "{519EA095-9816-49A7-85F6-2F3E9558596D}"
EndProject
Project("{2150E333-8FDC-42A3-9474-1A3956D46DE8}") = "Domain", "Domain", "{78858E13-0066-4005-B53F-9DC0C84CEA4A}"
EndProject
Project("{2150E333-8FDC-42A3-9474-1A3956D46DE8}") = "ApplicationService", "ApplicationService", "{688C28C0-2B3E-4A3E-8FC1-6BC7052F9F82}"
EndProject
Project("{2150E333-8FDC-42A3-9474-1A3956D46DE8}") = "Command", "Command", "{F040356B-A76C-4421-94A8-DD3D7B2FBE07}"
EndProject
Project("{2150E333-8FDC-42A3-9474-1A3956D46DE8}") = "Query", "Query", "{54BE0BC0-FD55-463F-9930-4C9F444EFC26}"
EndProject
Project("{2150E333-8FDC-42A3-9474-1A3956D46DE8}") = "src", "src", "{353CB46F-332D-494D-B7C1-7A677FA52007}"
EndProject
Project("{2150E333-8FDC-42A3-9474-1A3956D46DE8}") = "tests", "tests", "{D26CA495-A80C-4833-9ADB-5B95FC8C7F09}"
EndProject
Project("{9A19103F-16F7-4668-BE54-9A1E7A4F7556}") = "AgilePM.Identity.AcceptanceTests", "src\Identity\tests\AcceptanceTests\AgilePM.Identity.AcceptanceTests.csproj", "{3596AC4E-0A24-47BC-A0B9-0DF7746068D9}"
EndProject
Project("{9A19103F-16F7-4668-BE54-9A1E7A4F7556}") = "AgilePM.Identity.ApplicationService", "src\Identity\src\ApplicationService\Commands\AgilePM.Identity.ApplicationService.csproj", "{72E8F14E-8C8B-4078-9531-111DB6FB9021}"
EndProject
Project("{9A19103F-16F7-4668-BE54-9A1E7A4F7556}") = "AgilePM.Identity.ApplicationService.Query", "src\Identity\src\ApplicationService\Query\AgilePM.Identity.ApplicationService.Query.csproj", "{36C9F1C7-AC2A-4A4E-A4DE-5401086A91ED}"
EndProject
Project("{9A19103F-16F7-4668-BE54-9A1E7A4F7556}") = "AgilePM.Identity.Domain.Contracts", "src\Identity\src\Domain\AgilePM.Identity.Domain.Contracts\AgilePM.Identity.Domain.Contracts.csproj", "{B27B78A2-7BFA-4464-A1C8-9F5D6A93392C}"
EndProject
Project("{9A19103F-16F7-4668-BE54-9A1E7A4F7556}") = "AgilePM.Identity.Domain.Services", "src\Identity\src\Domain\AgilePM.Identity.Domain.Services\AgilePM.Identity.Domain.Services.csproj", "{F2679673-860D-456D-B128-796DC7E5F15A}"
EndProject
Project("{9A19103F-16F7-4668-BE54-9A1E7A4F7556}") = "AgilePM.Identity.Domain.UnitTests", "src\Identity\src\Domain\AgilePM.Identity.Domain.UnitTests\AgilePM.Identity.Domain.UnitTests.csproj", "{4AAEA601-5BF2-4524-A447-9148651D6D89}"
EndProject
Project("{9A19103F-16F7-4668-BE54-9A1E7A4F7556}") = "AgilePM.Identity.Domain", "src\Identity\src\Domain\AgilePM.Identity.Domain\AgilePM.Identity.Domain.csproj", "{23FE81B9-1FF5-4348-8E99-1BA325C2C2FC}"
EndProject
Project("{2150E333-8FDC-42A3-9474-1A3956D46DE8}") = "Infrastructure", "Infrastructure", "{19486F9B-45E6-4289-9320-3AA1973B4D21}"
EndProject
Project("{9A19103F-16F7-4668-BE54-9A1E7A4F7556}") = "AgilePM.Identity.DataBase", "src\Identity\src\Infrastructure\DataBase\AgilePM.Identity.DataBase.csproj", "{F5DA6EAC-AEF1-4602-B4F5-6E1133B3A845}"
EndProject
Global
	GlobalSection(SolutionConfigurationPlatforms) = preSolution
		Debug|Any CPU = Debug|Any CPU
		Release|Any CPU = Release|Any CPU
	EndGlobalSection
	GlobalSection(ProjectConfigurationPlatforms) = postSolution
		{F5CBC686-FB68-4EF9-90A5-D66CFA264564}.Debug|Any CPU.ActiveCfg = Debug|Any CPU
		{F5CBC686-FB68-4EF9-90A5-D66CFA264564}.Debug|Any CPU.Build.0 = Debug|Any CPU
		{F5CBC686-FB68-4EF9-90A5-D66CFA264564}.Release|Any CPU.ActiveCfg = Release|Any CPU
		{F5CBC686-FB68-4EF9-90A5-D66CFA264564}.Release|Any CPU.Build.0 = Release|Any CPU
		{04D0B743-45F1-4EEB-9369-8AE8A7478C36}.Debug|Any CPU.ActiveCfg = Debug|Any CPU
		{04D0B743-45F1-4EEB-9369-8AE8A7478C36}.Debug|Any CPU.Build.0 = Debug|Any CPU
		{04D0B743-45F1-4EEB-9369-8AE8A7478C36}.Release|Any CPU.ActiveCfg = Release|Any CPU
		{04D0B743-45F1-4EEB-9369-8AE8A7478C36}.Release|Any CPU.Build.0 = Release|Any CPU
		{3596AC4E-0A24-47BC-A0B9-0DF7746068D9}.Debug|Any CPU.ActiveCfg = Debug|Any CPU
		{3596AC4E-0A24-47BC-A0B9-0DF7746068D9}.Debug|Any CPU.Build.0 = Debug|Any CPU
		{3596AC4E-0A24-47BC-A0B9-0DF7746068D9}.Release|Any CPU.ActiveCfg = Release|Any CPU
		{3596AC4E-0A24-47BC-A0B9-0DF7746068D9}.Release|Any CPU.Build.0 = Release|Any CPU
		{72E8F14E-8C8B-4078-9531-111DB6FB9021}.Debug|Any CPU.ActiveCfg = Debug|Any CPU
		{72E8F14E-8C8B-4078-9531-111DB6FB9021}.Debug|Any CPU.Build.0 = Debug|Any CPU
		{72E8F14E-8C8B-4078-9531-111DB6FB9021}.Release|Any CPU.ActiveCfg = Release|Any CPU
		{72E8F14E-8C8B-4078-9531-111DB6FB9021}.Release|Any CPU.Build.0 = Release|Any CPU
		{36C9F1C7-AC2A-4A4E-A4DE-5401086A91ED}.Debug|Any CPU.ActiveCfg = Debug|Any CPU
		{36C9F1C7-AC2A-4A4E-A4DE-5401086A91ED}.Debug|Any CPU.Build.0 = Debug|Any CPU
		{36C9F1C7-AC2A-4A4E-A4DE-5401086A91ED}.Release|Any CPU.ActiveCfg = Release|Any CPU
		{36C9F1C7-AC2A-4A4E-A4DE-5401086A91ED}.Release|Any CPU.Build.0 = Release|Any CPU
		{B27B78A2-7BFA-4464-A1C8-9F5D6A93392C}.Debug|Any CPU.ActiveCfg = Debug|Any CPU
		{B27B78A2-7BFA-4464-A1C8-9F5D6A93392C}.Debug|Any CPU.Build.0 = Debug|Any CPU
		{B27B78A2-7BFA-4464-A1C8-9F5D6A93392C}.Release|Any CPU.ActiveCfg = Release|Any CPU
		{B27B78A2-7BFA-4464-A1C8-9F5D6A93392C}.Release|Any CPU.Build.0 = Release|Any CPU
		{F2679673-860D-456D-B128-796DC7E5F15A}.Debug|Any CPU.ActiveCfg = Debug|Any CPU
		{F2679673-860D-456D-B128-796DC7E5F15A}.Debug|Any CPU.Build.0 = Debug|Any CPU
		{F2679673-860D-456D-B128-796DC7E5F15A}.Release|Any CPU.ActiveCfg = Release|Any CPU
		{F2679673-860D-456D-B128-796DC7E5F15A}.Release|Any CPU.Build.0 = Release|Any CPU
		{4AAEA601-5BF2-4524-A447-9148651D6D89}.Debug|Any CPU.ActiveCfg = Debug|Any CPU
		{4AAEA601-5BF2-4524-A447-9148651D6D89}.Debug|Any CPU.Build.0 = Debug|Any CPU
		{4AAEA601-5BF2-4524-A447-9148651D6D89}.Release|Any CPU.ActiveCfg = Release|Any CPU
		{4AAEA601-5BF2-4524-A447-9148651D6D89}.Release|Any CPU.Build.0 = Release|Any CPU
		{23FE81B9-1FF5-4348-8E99-1BA325C2C2FC}.Debug|Any CPU.ActiveCfg = Debug|Any CPU
		{23FE81B9-1FF5-4348-8E99-1BA325C2C2FC}.Debug|Any CPU.Build.0 = Debug|Any CPU
		{23FE81B9-1FF5-4348-8E99-1BA325C2C2FC}.Release|Any CPU.ActiveCfg = Release|Any CPU
		{23FE81B9-1FF5-4348-8E99-1BA325C2C2FC}.Release|Any CPU.Build.0 = Release|Any CPU
		{F5DA6EAC-AEF1-4602-B4F5-6E1133B3A845}.Debug|Any CPU.ActiveCfg = Debug|Any CPU
		{F5DA6EAC-AEF1-4602-B4F5-6E1133B3A845}.Debug|Any CPU.Build.0 = Debug|Any CPU
		{F5DA6EAC-AEF1-4602-B4F5-6E1133B3A845}.Release|Any CPU.ActiveCfg = Release|Any CPU
		{F5DA6EAC-AEF1-4602-B4F5-6E1133B3A845}.Release|Any CPU.Build.0 = Release|Any CPU
	EndGlobalSection
	GlobalSection(SolutionProperties) = preSolution
		HideSolutionNode = FALSE
	EndGlobalSection
	GlobalSection(NestedProjects) = preSolution
		{E7D2E292-AE8F-4972-87BE-00A73A9E46F9} = {CC4B2BC1-883A-48E7-AD6A-37CE1B635E72}
		{AADC5FF1-028E-4087-A98F-71B3B4413287} = {CC4B2BC1-883A-48E7-AD6A-37CE1B635E72}
		{F5CBC686-FB68-4EF9-90A5-D66CFA264564} = {E7D2E292-AE8F-4972-87BE-00A73A9E46F9}
		{04D0B743-45F1-4EEB-9369-8AE8A7478C36} = {AADC5FF1-028E-4087-A98F-71B3B4413287}
		{519EA095-9816-49A7-85F6-2F3E9558596D} = {D26CA495-A80C-4833-9ADB-5B95FC8C7F09}
		{78858E13-0066-4005-B53F-9DC0C84CEA4A} = {353CB46F-332D-494D-B7C1-7A677FA52007}
		{688C28C0-2B3E-4A3E-8FC1-6BC7052F9F82} = {353CB46F-332D-494D-B7C1-7A677FA52007}
		{F040356B-A76C-4421-94A8-DD3D7B2FBE07} = {688C28C0-2B3E-4A3E-8FC1-6BC7052F9F82}
		{54BE0BC0-FD55-463F-9930-4C9F444EFC26} = {688C28C0-2B3E-4A3E-8FC1-6BC7052F9F82}
		{353CB46F-332D-494D-B7C1-7A677FA52007} = {E781D745-1F54-4C54-883F-5678C7032653}
		{D26CA495-A80C-4833-9ADB-5B95FC8C7F09} = {E781D745-1F54-4C54-883F-5678C7032653}
		{3596AC4E-0A24-47BC-A0B9-0DF7746068D9} = {519EA095-9816-49A7-85F6-2F3E9558596D}
		{72E8F14E-8C8B-4078-9531-111DB6FB9021} = {F040356B-A76C-4421-94A8-DD3D7B2FBE07}
		{36C9F1C7-AC2A-4A4E-A4DE-5401086A91ED} = {54BE0BC0-FD55-463F-9930-4C9F444EFC26}
		{B27B78A2-7BFA-4464-A1C8-9F5D6A93392C} = {78858E13-0066-4005-B53F-9DC0C84CEA4A}
		{F2679673-860D-456D-B128-796DC7E5F15A} = {78858E13-0066-4005-B53F-9DC0C84CEA4A}
		{4AAEA601-5BF2-4524-A447-9148651D6D89} = {78858E13-0066-4005-B53F-9DC0C84CEA4A}
		{23FE81B9-1FF5-4348-8E99-1BA325C2C2FC} = {78858E13-0066-4005-B53F-9DC0C84CEA4A}
		{19486F9B-45E6-4289-9320-3AA1973B4D21} = {353CB46F-332D-494D-B7C1-7A677FA52007}
		{F5DA6EAC-AEF1-4602-B4F5-6E1133B3A845} = {19486F9B-45E6-4289-9320-3AA1973B4D21}
	EndGlobalSection
	GlobalSection(ExtensibilityGlobals) = postSolution
		SolutionGuid = {95AEAECD-D3BB-4C59-A7AF-35844ED258EC}
	EndGlobalSection
EndGlobal
